
Microsoft Visual Studio Solution File, Format Version 12.00
# Visual Studio 15
VisualStudioVersion = 15.0.26124.0
MinimumVisualStudioVersion = 15.0.26124.0
Project("{2150E333-8FDC-42A3-9474-1A3956D46DE8}") = "src", "src", "{B080C7D4-240B-42A9-95A3-0F435CF5B3B3}"
EndProject
Project("{FAE04EC0-301F-11D3-BF4B-00C04F79EFBC}") = "kiwiho.EFcore.MultiTenant.DAL", "src\kiwiho.EFcore.MultiTenant.DAL\kiwiho.EFcore.MultiTenant.DAL.csproj", "{8CE0895E-3C15-478C-9AED-FE6F82953850}"
EndProject
Project("{FAE04EC0-301F-11D3-BF4B-00C04F79EFBC}") = "kiwiho.EFcore.MultiTenant.Model", "src\kiwiho.EFcore.MultiTenant.Model\kiwiho.EFcore.MultiTenant.Model.csproj", "{28ABB32A-766D-4C3F-97FE-9C1C2BA3FA2B}"
EndProject
Project("{FAE04EC0-301F-11D3-BF4B-00C04F79EFBC}") = "kiwiho.EFcore.MultiTenant.MySql", "src\kiwiho.EFcore.MultiTenant.MySql\kiwiho.EFcore.MultiTenant.MySql.csproj", "{AE8289C2-40AC-4BFA-8339-4710F7A22CEF}"
EndProject
Project("{FAE04EC0-301F-11D3-BF4B-00C04F79EFBC}") = "kiwiho.EFcore.MultiTenant.SqlServer", "src\kiwiho.EFcore.MultiTenant.SqlServer\kiwiho.EFcore.MultiTenant.SqlServer.csproj", "{1F17CE92-FAFB-4BCA-BD0F-1A8926684E0F}"
EndProject
Project("{FAE04EC0-301F-11D3-BF4B-00C04F79EFBC}") = "kiwiho.EFcore.MultiTenant.Postgre", "src\kiwiho.EFcore.MultiTenant.Postgre\kiwiho.EFcore.MultiTenant.Postgre.csproj", "{68E265E6-7274-4A56-BF58-F4C36CD5D7EF}"
EndProject
Project("{FAE04EC0-301F-11D3-BF4B-00C04F79EFBC}") = "kiwiho.EFcore.MultiTenant.Core", "src\kiwiho.EFcore.MultiTenant.Core\kiwiho.EFcore.MultiTenant.Core.csproj", "{82CAC4F8-5F47-4762-9A98-57AB62EEB424}"
EndProject
Global
	GlobalSection(SolutionConfigurationPlatforms) = preSolution
		Debug|Any CPU = Debug|Any CPU
		Debug|x64 = Debug|x64
		Debug|x86 = Debug|x86
		Release|Any CPU = Release|Any CPU
		Release|x64 = Release|x64
		Release|x86 = Release|x86
	EndGlobalSection
	GlobalSection(SolutionProperties) = preSolution
		HideSolutionNode = FALSE
	EndGlobalSection
	GlobalSection(ProjectConfigurationPlatforms) = postSolution
		{8CE0895E-3C15-478C-9AED-FE6F82953850}.Debug|Any CPU.ActiveCfg = Debug|Any CPU
		{8CE0895E-3C15-478C-9AED-FE6F82953850}.Debug|Any CPU.Build.0 = Debug|Any CPU
		{8CE0895E-3C15-478C-9AED-FE6F82953850}.Debug|x64.ActiveCfg = Debug|Any CPU
		{8CE0895E-3C15-478C-9AED-FE6F82953850}.Debug|x64.Build.0 = Debug|Any CPU
		{8CE0895E-3C15-478C-9AED-FE6F82953850}.Debug|x86.ActiveCfg = Debug|Any CPU
		{8CE0895E-3C15-478C-9AED-FE6F82953850}.Debug|x86.Build.0 = Debug|Any CPU
		{8CE0895E-3C15-478C-9AED-FE6F82953850}.Release|Any CPU.ActiveCfg = Release|Any CPU
		{8CE0895E-3C15-478C-9AED-FE6F82953850}.Release|Any CPU.Build.0 = Release|Any CPU
		{8CE0895E-3C15-478C-9AED-FE6F82953850}.Release|x64.ActiveCfg = Release|Any CPU
		{8CE0895E-3C15-478C-9AED-FE6F82953850}.Release|x64.Build.0 = Release|Any CPU
		{8CE0895E-3C15-478C-9AED-FE6F82953850}.Release|x86.ActiveCfg = Release|Any CPU
		{8CE0895E-3C15-478C-9AED-FE6F82953850}.Release|x86.Build.0 = Release|Any CPU
		{28ABB32A-766D-4C3F-97FE-9C1C2BA3FA2B}.Debug|Any CPU.ActiveCfg = Debug|Any CPU
		{28ABB32A-766D-4C3F-97FE-9C1C2BA3FA2B}.Debug|Any CPU.Build.0 = Debug|Any CPU
		{28ABB32A-766D-4C3F-97FE-9C1C2BA3FA2B}.Debug|x64.ActiveCfg = Debug|Any CPU
		{28ABB32A-766D-4C3F-97FE-9C1C2BA3FA2B}.Debug|x64.Build.0 = Debug|Any CPU
		{28ABB32A-766D-4C3F-97FE-9C1C2BA3FA2B}.Debug|x86.ActiveCfg = Debug|Any CPU
		{28ABB32A-766D-4C3F-97FE-9C1C2BA3FA2B}.Debug|x86.Build.0 = Debug|Any CPU
		{28ABB32A-766D-4C3F-97FE-9C1C2BA3FA2B}.Release|Any CPU.ActiveCfg = Release|Any CPU
		{28ABB32A-766D-4C3F-97FE-9C1C2BA3FA2B}.Release|Any CPU.Build.0 = Release|Any CPU
		{28ABB32A-766D-4C3F-97FE-9C1C2BA3FA2B}.Release|x64.ActiveCfg = Release|Any CPU
		{28ABB32A-766D-4C3F-97FE-9C1C2BA3FA2B}.Release|x64.Build.0 = Release|Any CPU
		{28ABB32A-766D-4C3F-97FE-9C1C2BA3FA2B}.Release|x86.ActiveCfg = Release|Any CPU
		{28ABB32A-766D-4C3F-97FE-9C1C2BA3FA2B}.Release|x86.Build.0 = Release|Any CPU
		{AE8289C2-40AC-4BFA-8339-4710F7A22CEF}.Debug|Any CPU.ActiveCfg = Debug|Any CPU
		{AE8289C2-40AC-4BFA-8339-4710F7A22CEF}.Debug|Any CPU.Build.0 = Debug|Any CPU
		{AE8289C2-40AC-4BFA-8339-4710F7A22CEF}.Debug|x64.ActiveCfg = Debug|Any CPU
		{AE8289C2-40AC-4BFA-8339-4710F7A22CEF}.Debug|x64.Build.0 = Debug|Any CPU
		{AE8289C2-40AC-4BFA-8339-4710F7A22CEF}.Debug|x86.ActiveCfg = Debug|Any CPU
		{AE8289C2-40AC-4BFA-8339-4710F7A22CEF}.Debug|x86.Build.0 = Debug|Any CPU
		{AE8289C2-40AC-4BFA-8339-4710F7A22CEF}.Release|Any CPU.ActiveCfg = Release|Any CPU
		{AE8289C2-40AC-4BFA-8339-4710F7A22CEF}.Release|Any CPU.Build.0 = Release|Any CPU
		{AE8289C2-40AC-4BFA-8339-4710F7A22CEF}.Release|x64.ActiveCfg = Release|Any CPU
		{AE8289C2-40AC-4BFA-8339-4710F7A22CEF}.Release|x64.Build.0 = Release|Any CPU
		{AE8289C2-40AC-4BFA-8339-4710F7A22CEF}.Release|x86.ActiveCfg = Release|Any CPU
		{AE8289C2-40AC-4BFA-8339-4710F7A22CEF}.Release|x86.Build.0 = Release|Any CPU
		{1F17CE92-FAFB-4BCA-BD0F-1A8926684E0F}.Debug|Any CPU.ActiveCfg = Debug|Any CPU
		{1F17CE92-FAFB-4BCA-BD0F-1A8926684E0F}.Debug|Any CPU.Build.0 = Debug|Any CPU
		{1F17CE92-FAFB-4BCA-BD0F-1A8926684E0F}.Debug|x64.ActiveCfg = Debug|Any CPU
		{1F17CE92-FAFB-4BCA-BD0F-1A8926684E0F}.Debug|x64.Build.0 = Debug|Any CPU
		{1F17CE92-FAFB-4BCA-BD0F-1A8926684E0F}.Debug|x86.ActiveCfg = Debug|Any CPU
		{1F17CE92-FAFB-4BCA-BD0F-1A8926684E0F}.Debug|x86.Build.0 = Debug|Any CPU
		{1F17CE92-FAFB-4BCA-BD0F-1A8926684E0F}.Release|Any CPU.ActiveCfg = Release|Any CPU
		{1F17CE92-FAFB-4BCA-BD0F-1A8926684E0F}.Release|Any CPU.Build.0 = Release|Any CPU
		{1F17CE92-FAFB-4BCA-BD0F-1A8926684E0F}.Release|x64.ActiveCfg = Release|Any CPU
		{1F17CE92-FAFB-4BCA-BD0F-1A8926684E0F}.Release|x64.Build.0 = Release|Any CPU
		{1F17CE92-FAFB-4BCA-BD0F-1A8926684E0F}.Release|x86.ActiveCfg = Release|Any CPU
		{1F17CE92-FAFB-4BCA-BD0F-1A8926684E0F}.Release|x86.Build.0 = Release|Any CPU
		{68E265E6-7274-4A56-BF58-F4C36CD5D7EF}.Debug|Any CPU.ActiveCfg = Debug|Any CPU
		{68E265E6-7274-4A56-BF58-F4C36CD5D7EF}.Debug|Any CPU.Build.0 = Debug|Any CPU
		{68E265E6-7274-4A56-BF58-F4C36CD5D7EF}.Debug|x64.ActiveCfg = Debug|Any CPU
		{68E265E6-7274-4A56-BF58-F4C36CD5D7EF}.Debug|x64.Build.0 = Debug|Any CPU
		{68E265E6-7274-4A56-BF58-F4C36CD5D7EF}.Debug|x86.ActiveCfg = Debug|Any CPU
		{68E265E6-7274-4A56-BF58-F4C36CD5D7EF}.Debug|x86.Build.0 = Debug|Any CPU
		{68E265E6-7274-4A56-BF58-F4C36CD5D7EF}.Release|Any CPU.ActiveCfg = Release|Any CPU
		{68E265E6-7274-4A56-BF58-F4C36CD5D7EF}.Release|Any CPU.Build.0 = Release|Any CPU
		{68E265E6-7274-4A56-BF58-F4C36CD5D7EF}.Release|x64.ActiveCfg = Release|Any CPU
		{68E265E6-7274-4A56-BF58-F4C36CD5D7EF}.Release|x64.Build.0 = Release|Any CPU
		{68E265E6-7274-4A56-BF58-F4C36CD5D7EF}.Release|x86.ActiveCfg = Release|Any CPU
		{68E265E6-7274-4A56-BF58-F4C36CD5D7EF}.Release|x86.Build.0 = Release|Any CPU
		{82CAC4F8-5F47-4762-9A98-57AB62EEB424}.Debug|Any CPU.ActiveCfg = Debug|Any CPU
		{82CAC4F8-5F47-4762-9A98-57AB62EEB424}.Debug|Any CPU.Build.0 = Debug|Any CPU
		{82CAC4F8-5F47-4762-9A98-57AB62EEB424}.Debug|x64.ActiveCfg = Debug|Any CPU
		{82CAC4F8-5F47-4762-9A98-57AB62EEB424}.Debug|x64.Build.0 = Debug|Any CPU
		{82CAC4F8-5F47-4762-9A98-57AB62EEB424}.Debug|x86.ActiveCfg = Debug|Any CPU
		{82CAC4F8-5F47-4762-9A98-57AB62EEB424}.Debug|x86.Build.0 = Debug|Any CPU
		{82CAC4F8-5F47-4762-9A98-57AB62EEB424}.Release|Any CPU.ActiveCfg = Release|Any CPU
		{82CAC4F8-5F47-4762-9A98-57AB62EEB424}.Release|Any CPU.Build.0 = Release|Any CPU
		{82CAC4F8-5F47-4762-9A98-57AB62EEB424}.Release|x64.ActiveCfg = Release|Any CPU
		{82CAC4F8-5F47-4762-9A98-57AB62EEB424}.Release|x64.Build.0 = Release|Any CPU
		{82CAC4F8-5F47-4762-9A98-57AB62EEB424}.Release|x86.ActiveCfg = Release|Any CPU
		{82CAC4F8-5F47-4762-9A98-57AB62EEB424}.Release|x86.Build.0 = Release|Any CPU
	EndGlobalSection
	GlobalSection(NestedProjects) = preSolution
		{8CE0895E-3C15-478C-9AED-FE6F82953850} = {B080C7D4-240B-42A9-95A3-0F435CF5B3B3}
		{28ABB32A-766D-4C3F-97FE-9C1C2BA3FA2B} = {B080C7D4-240B-42A9-95A3-0F435CF5B3B3}
		{AE8289C2-40AC-4BFA-8339-4710F7A22CEF} = {B080C7D4-240B-42A9-95A3-0F435CF5B3B3}
		{1F17CE92-FAFB-4BCA-BD0F-1A8926684E0F} = {B080C7D4-240B-42A9-95A3-0F435CF5B3B3}
		{68E265E6-7274-4A56-BF58-F4C36CD5D7EF} = {B080C7D4-240B-42A9-95A3-0F435CF5B3B3}
		{82CAC4F8-5F47-4762-9A98-57AB62EEB424} = {B080C7D4-240B-42A9-95A3-0F435CF5B3B3}
	EndGlobalSection
EndGlobal
